
Microsoft Visual Studio Solution File, Format Version 12.00
# Visual Studio Version 17
VisualStudioVersion = 17.5.33424.131
MinimumVisualStudioVersion = 10.0.40219.1
Project("{FAE04EC0-301F-11D3-BF4B-00C04F79EFBC}") = "WinFormsApp13", "WinFormsApp13\WinFormsApp13.csproj", "{7B1DB240-C0B5-4469-AD4A-8EAF2562C277}"
EndProject
Global
	GlobalSection(SolutionConfigurationPlatforms) = preSolution
		Debug|Any CPU = Debug|Any CPU
		Release|Any CPU = Release|Any CPU
	EndGlobalSection
	GlobalSection(ProjectConfigurationPlatforms) = postSolution
		{7B1DB240-C0B5-4469-AD4A-8EAF2562C277}.Debug|Any CPU.ActiveCfg = Debug|Any CPU
		{7B1DB240-C0B5-4469-AD4A-8EAF2562C277}.Debug|Any CPU.Build.0 = Debug|Any CPU
		{7B1DB240-C0B5-4469-AD4A-8EAF2562C277}.Release|Any CPU.ActiveCfg = Release|Any CPU
		{7B1DB240-C0B5-4469-AD4A-8EAF2562C277}.Release|Any CPU.Build.0 = Release|Any CPU
	EndGlobalSection
	GlobalSection(SolutionProperties) = preSolution
		HideSolutionNode = FALSE
	EndGlobalSection
	GlobalSection(ExtensibilityGlobals) = postSolution
		SolutionGuid = {4D69C188-8210-40E9-A57D-58E2D250B2D2}
	EndGlobalSection
EndGlobal
