
Microsoft Visual Studio Solution File, Format Version 12.00
# Visual Studio Version 17
VisualStudioVersion = 17.5.33424.131
MinimumVisualStudioVersion = 10.0.40219.1
Project("{FAE04EC0-301F-11D3-BF4B-00C04F79EFBC}") = "WinFormsApp14", "WinFormsApp14\WinFormsApp14.csproj", "{BAFA834C-D19C-469C-AAA8-8525447E373C}"
EndProject
Global
	GlobalSection(SolutionConfigurationPlatforms) = preSolution
		Debug|Any CPU = Debug|Any CPU
		Release|Any CPU = Release|Any CPU
	EndGlobalSection
	GlobalSection(ProjectConfigurationPlatforms) = postSolution
		{BAFA834C-D19C-469C-AAA8-8525447E373C}.Debug|Any CPU.ActiveCfg = Debug|Any CPU
		{BAFA834C-D19C-469C-AAA8-8525447E373C}.Debug|Any CPU.Build.0 = Debug|Any CPU
		{BAFA834C-D19C-469C-AAA8-8525447E373C}.Release|Any CPU.ActiveCfg = Release|Any CPU
		{BAFA834C-D19C-469C-AAA8-8525447E373C}.Release|Any CPU.Build.0 = Release|Any CPU
	EndGlobalSection
	GlobalSection(SolutionProperties) = preSolution
		HideSolutionNode = FALSE
	EndGlobalSection
	GlobalSection(ExtensibilityGlobals) = postSolution
		SolutionGuid = {F0EF3C9F-5E03-4FEB-A424-702BF9502E75}
	EndGlobalSection
EndGlobal
