
Microsoft Visual Studio Solution File, Format Version 12.00
# Visual Studio Version 17
VisualStudioVersion = 17.5.33424.131
MinimumVisualStudioVersion = 10.0.40219.1
Project("{FAE04EC0-301F-11D3-BF4B-00C04F79EFBC}") = "WinFormsApp11", "WinFormsApp11\WinFormsApp11.csproj", "{B092C413-24A5-48EC-AC0A-30719FF712DB}"
EndProject
Global
	GlobalSection(SolutionConfigurationPlatforms) = preSolution
		Debug|Any CPU = Debug|Any CPU
		Release|Any CPU = Release|Any CPU
	EndGlobalSection
	GlobalSection(ProjectConfigurationPlatforms) = postSolution
		{B092C413-24A5-48EC-AC0A-30719FF712DB}.Debug|Any CPU.ActiveCfg = Debug|Any CPU
		{B092C413-24A5-48EC-AC0A-30719FF712DB}.Debug|Any CPU.Build.0 = Debug|Any CPU
		{B092C413-24A5-48EC-AC0A-30719FF712DB}.Release|Any CPU.ActiveCfg = Release|Any CPU
		{B092C413-24A5-48EC-AC0A-30719FF712DB}.Release|Any CPU.Build.0 = Release|Any CPU
	EndGlobalSection
	GlobalSection(SolutionProperties) = preSolution
		HideSolutionNode = FALSE
	EndGlobalSection
	GlobalSection(ExtensibilityGlobals) = postSolution
		SolutionGuid = {022222B3-C7C0-4887-BFBB-4101FF8E8257}
	EndGlobalSection
EndGlobal
