
Microsoft Visual Studio Solution File, Format Version 12.00
# Visual Studio Version 17
VisualStudioVersion = 17.5.33424.131
MinimumVisualStudioVersion = 10.0.40219.1
Project("{FAE04EC0-301F-11D3-BF4B-00C04F79EFBC}") = "WinFormsApp15", "WinFormsApp15\WinFormsApp15.csproj", "{1727C992-9E68-4A07-BB43-FD93C91308FD}"
EndProject
Global
	GlobalSection(SolutionConfigurationPlatforms) = preSolution
		Debug|Any CPU = Debug|Any CPU
		Release|Any CPU = Release|Any CPU
	EndGlobalSection
	GlobalSection(ProjectConfigurationPlatforms) = postSolution
		{1727C992-9E68-4A07-BB43-FD93C91308FD}.Debug|Any CPU.ActiveCfg = Debug|Any CPU
		{1727C992-9E68-4A07-BB43-FD93C91308FD}.Debug|Any CPU.Build.0 = Debug|Any CPU
		{1727C992-9E68-4A07-BB43-FD93C91308FD}.Release|Any CPU.ActiveCfg = Release|Any CPU
		{1727C992-9E68-4A07-BB43-FD93C91308FD}.Release|Any CPU.Build.0 = Release|Any CPU
	EndGlobalSection
	GlobalSection(SolutionProperties) = preSolution
		HideSolutionNode = FALSE
	EndGlobalSection
	GlobalSection(ExtensibilityGlobals) = postSolution
		SolutionGuid = {4BA3B22A-1814-4528-87F8-3C1EE322A3D7}
	EndGlobalSection
EndGlobal
